{
  "name": "Flashloans",
  "version": "1.0.0",
  "lockfileVersion": 1,
  "requires": true,
  "dependencies": {
    "@openzeppelin/contracts": {
      "version": "4.3.0-rc.0",
      "resolved": "https://registry.npmjs.org/@openzeppelin/contracts/-/contracts-4.3.0-rc.0.tgz",
      "integrity": "sha512-eh+uGU+eC0KE0RYCXHhe2HSZKc7EzJ0n/kUH56AmPhjIOTyJkVPz82nSEVviyUVPpTeNy8kr2z0JfCOEGU88Lw=="
    }
  }
}
